
Microsoft Visual Studio Solution File, Format Version 12.00
# Visual Studio 15
VisualStudioVersion = 15.0.28307.168
MinimumVisualStudioVersion = 10.0.40219.1
Project("{FAE04EC0-301F-11D3-BF4B-00C04F79EFBC}") = "Lab02_JavaToCSharp", "Lab02_JavaToCSharp\Lab02_JavaToCSharp.csproj", "{D2D9A85D-192C-47AA-B787-012010FCCD45}"
EndProject
Global
	GlobalSection(SolutionConfigurationPlatforms) = preSolution
		Debug|Any CPU = Debug|Any CPU
		Release|Any CPU = Release|Any CPU
	EndGlobalSection
	GlobalSection(ProjectConfigurationPlatforms) = postSolution
		{D2D9A85D-192C-47AA-B787-012010FCCD45}.Debug|Any CPU.ActiveCfg = Debug|Any CPU
		{D2D9A85D-192C-47AA-B787-012010FCCD45}.Debug|Any CPU.Build.0 = Debug|Any CPU
		{D2D9A85D-192C-47AA-B787-012010FCCD45}.Release|Any CPU.ActiveCfg = Release|Any CPU
		{D2D9A85D-192C-47AA-B787-012010FCCD45}.Release|Any CPU.Build.0 = Release|Any CPU
	EndGlobalSection
	GlobalSection(SolutionProperties) = preSolution
		HideSolutionNode = FALSE
	EndGlobalSection
	GlobalSection(ExtensibilityGlobals) = postSolution
		SolutionGuid = {DEC2A250-9B67-464E-9DB5-19B2E98BAB18}
	EndGlobalSection
EndGlobal
